
Microsoft Visual Studio Solution File, Format Version 12.00
# Visual Studio Version 17
VisualStudioVersion = 17.5.33627.172
MinimumVisualStudioVersion = 10.0.40219.1
Project("{9A19103F-16F7-4668-BE54-9A1E7A4F7556}") = "WebAppMVC", "WebAppMVC\WebAppMVC.csproj", "{F496FC21-09C8-4BA4-956C-50CA876E4E4A}"
EndProject
Project("{FAE04EC0-301F-11D3-BF4B-00C04F79EFBC}") = "WebAppAPI", "WebAppAPI\WebAppAPI.csproj", "{1FFD3451-364A-441C-A3E5-90E1828C9909}"
EndProject
Global
	GlobalSection(SolutionConfigurationPlatforms) = preSolution
		Debug|Any CPU = Debug|Any CPU
		Release|Any CPU = Release|Any CPU
	EndGlobalSection
	GlobalSection(ProjectConfigurationPlatforms) = postSolution
		{F496FC21-09C8-4BA4-956C-50CA876E4E4A}.Debug|Any CPU.ActiveCfg = Debug|Any CPU
		{F496FC21-09C8-4BA4-956C-50CA876E4E4A}.Debug|Any CPU.Build.0 = Debug|Any CPU
		{F496FC21-09C8-4BA4-956C-50CA876E4E4A}.Release|Any CPU.ActiveCfg = Release|Any CPU
		{F496FC21-09C8-4BA4-956C-50CA876E4E4A}.Release|Any CPU.Build.0 = Release|Any CPU
		{1FFD3451-364A-441C-A3E5-90E1828C9909}.Debug|Any CPU.ActiveCfg = Debug|Any CPU
		{1FFD3451-364A-441C-A3E5-90E1828C9909}.Debug|Any CPU.Build.0 = Debug|Any CPU
		{1FFD3451-364A-441C-A3E5-90E1828C9909}.Release|Any CPU.ActiveCfg = Release|Any CPU
		{1FFD3451-364A-441C-A3E5-90E1828C9909}.Release|Any CPU.Build.0 = Release|Any CPU
	EndGlobalSection
	GlobalSection(SolutionProperties) = preSolution
		HideSolutionNode = FALSE
	EndGlobalSection
	GlobalSection(ExtensibilityGlobals) = postSolution
		SolutionGuid = {1F444A10-30CC-437C-AA2F-9B5622163D89}
	EndGlobalSection
EndGlobal
